<?xml version="1.0" encoding="utf-8"?>
<Project ToolsVersion="4.0" xmlns="http://schemas.microsoft.com/developer/msbuild/2003">
  <ItemGroup>
    <Filter Include="Source Files">
      <UniqueIdentifier>{4FC737F1-C7A5-4376-A066-2A32D752A2FF}</UniqueIdentifier>
      <Extensions>cpp;c;cc;cxx;def;odl;idl;hpj;bat;asm;asmx</Extensions>
    </Filter>
    <Filter Include="Header Files">
      <UniqueIdentifier>{93995380-89BD-4b04-88EB-625FBE52EBFB}</UniqueIdentifier>
      <Extensions>h;hh;hpp;hxx;hm;inl;inc;xsd</Extensions>
    </Filter>
    <Filter Include="Resource Files">
      <UniqueIdentifier>{67DA6AB6-F800-4c08-8B7A-83BB121AAD01}</UniqueIdentifier>
      <Extensions>rc;ico;cur;bmp;dlg;rc2;rct;bin;rgs;gif;jpg;jpeg;jpe;resx;tiff;tif;png;wav;mfcribbon-ms</Extensions>
    </Filter>
    <Filter Include="Header Files\gameplay">
      <UniqueIdentifier>{bc4d7c4a-e747-4f86-9d55-2f3e9df53348}</UniqueIdentifier>
    </Filter>
    <Filter Include="Header Files\communication">
      <UniqueIdentifier>{3956bbea-f685-4de3-b35c-2adf0972e1b8}</UniqueIdentifier>
    </Filter>
    <Filter Include="Source Files\gameplay">
      <UniqueIdentifier>{8c83bd28-4d1a-4044-b8bc-f61ca3a6c2f1}</UniqueIdentifier>
    </Filter>
    <Filter Include="Source Files\communication">
      <UniqueIdentifier>{4537b1c4-d209-400c-800f-b8571d002381}</UniqueIdentifier>
    </Filter>
  </ItemGroup>
  <ItemGroup>
    <ClInclude Include="stdafx.h">
      <Filter>Header Files</Filter>
    </ClInclude>
    <ClInclude Include="targetver.h">
      <Filter>Header Files</Filter>
    </ClInclude>
    <ClInclude Include="engine.h">
      <Filter>Header Files</Filter>
    </ClInclude>
    <ClInclude Include="constants.h">
      <Filter>Header Files</Filter>
    </ClInclude>
    <ClInclude Include="card.h">
      <Filter>Header Files\gameplay</Filter>
    </ClInclude>
    <ClInclude Include="card_pile.h">
      <Filter>Header Files\gameplay</Filter>
    </ClInclude>
    <ClInclude Include="foundation_pile.h">
      <Filter>Header Files\gameplay</Filter>
    </ClInclude>
    <ClInclude Include="stock.h">
      <Filter>Header Files\gameplay</Filter>
    </ClInclude>
    <ClInclude Include="tableau_pile.h">
      <Filter>Header Files\gameplay</Filter>
    </ClInclude>
    <ClInclude Include="talon.h">
      <Filter>Header Files\gameplay</Filter>
    </ClInclude>
    <ClInclude Include="command_result.h">
      <Filter>Header Files\communication</Filter>
    </ClInclude>
    <ClInclude Include="response.h">
      <Filter>Header Files\communication</Filter>
    </ClInclude>
  </ItemGroup>
  <ItemGroup>
    <ClCompile Include="stdafx.cpp">
      <Filter>Source Files</Filter>
    </ClCompile>
    <ClCompile Include="solitaireengine.cpp">
      <Filter>Source Files</Filter>
    </ClCompile>
    <ClCompile Include="engine.cpp">
      <Filter>Source Files</Filter>
    </ClCompile>
    <ClCompile Include="card.cpp">
      <Filter>Source Files\gameplay</Filter>
    </ClCompile>
    <ClCompile Include="card_pile.cpp">
      <Filter>Source Files\gameplay</Filter>
    </ClCompile>
    <ClCompile Include="foundation_pile.cpp">
      <Filter>Source Files\gameplay</Filter>
    </ClCompile>
    <ClCompile Include="stock.cpp">
      <Filter>Source Files\gameplay</Filter>
    </ClCompile>
    <ClCompile Include="tableau_pile.cpp">
      <Filter>Source Files\gameplay</Filter>
    </ClCompile>
    <ClCompile Include="talon.cpp">
      <Filter>Source Files\gameplay</Filter>
    </ClCompile>
    <ClCompile Include="command_result.cpp">
      <Filter>Source Files\communication</Filter>
    </ClCompile>
    <ClCompile Include="response.cpp">
      <Filter>Source Files\communication</Filter>
    </ClCompile>
  </ItemGroup>
</Project>