
Microsoft Visual Studio Solution File, Format Version 12.00
# Visual Studio 15
VisualStudioVersion = 15.0.26730.15
MinimumVisualStudioVersion = 10.0.40219.1
Project("{8BC9CEB8-8B4A-11D0-8D11-00A0C91BC942}") = "solitaire_engine", "solitaire_engine\solitaire_engine.vcxproj", "{BEFA69B4-08C3-4282-9EF4-2AA51E852E0F}"
EndProject
Global
	GlobalSection(SolutionConfigurationPlatforms) = preSolution
		Debug|x64 = Debug|x64
		Debug|x86 = Debug|x86
		Release|x64 = Release|x64
		Release|x86 = Release|x86
	EndGlobalSection
	GlobalSection(ProjectConfigurationPlatforms) = postSolution
		{BEFA69B4-08C3-4282-9EF4-2AA51E852E0F}.Debug|x64.ActiveCfg = Debug|x64
		{BEFA69B4-08C3-4282-9EF4-2AA51E852E0F}.Debug|x64.Build.0 = Debug|x64
		{BEFA69B4-08C3-4282-9EF4-2AA51E852E0F}.Debug|x86.ActiveCfg = Debug|Win32
		{BEFA69B4-08C3-4282-9EF4-2AA51E852E0F}.Debug|x86.Build.0 = Debug|Win32
		{BEFA69B4-08C3-4282-9EF4-2AA51E852E0F}.Release|x64.ActiveCfg = Release|x64
		{BEFA69B4-08C3-4282-9EF4-2AA51E852E0F}.Release|x64.Build.0 = Release|x64
		{BEFA69B4-08C3-4282-9EF4-2AA51E852E0F}.Release|x86.ActiveCfg = Release|Win32
		{BEFA69B4-08C3-4282-9EF4-2AA51E852E0F}.Release|x86.Build.0 = Release|Win32
	EndGlobalSection
	GlobalSection(SolutionProperties) = preSolution
		HideSolutionNode = FALSE
	EndGlobalSection
	GlobalSection(ExtensibilityGlobals) = postSolution
		SolutionGuid = {3EC291F1-C1C0-4098-A8B4-268C916A2A37}
	EndGlobalSection
EndGlobal
